#MicroXplorer Configuration settings - do not modify
ADC1.ConversionDataManagement=ADC_CONVERSIONDATA_DR
ADC1.DiscontinuousConvMode=DISABLE
ADC1.EnableInjectedConversion=ENABLE
ADC1.EnableRegularConversion=DISABLE
ADC1.ExternalTrigInjecConv=ADC_EXTERNALTRIGINJEC_HR1_ADCTRG2
ADC1.IPParameters=EnableInjectedConversion,InjectedRank-1\#ChannelInjectedConversion,InjectedChannel-1\#ChannelInjectedConversion,InjectedSamplingTime-1\#ChannelInjectedConversion,InjectedOffsetNumber-1\#ChannelInjectedConversion,InjectedOffsetSignedSaturation-1\#ChannelInjectedConversion,InjectedOffsetSaturation-1\#ChannelInjectedConversion,InjNumberOfConversion,ExternalTrigInjecConv,master,Resolution,ConversionDataManagement,DiscontinuousConvMode,EnableRegularConversion,InjectedRank-2\#ChannelInjectedConversion,InjectedChannel-2\#ChannelInjectedConversion,InjectedSamplingTime-2\#ChannelInjectedConversion,InjectedOffsetNumber-2\#ChannelInjectedConversion,InjectedOffsetSignedSaturation-2\#ChannelInjectedConversion,InjectedOffsetSaturation-2\#ChannelInjectedConversion
ADC1.InjNumberOfConversion=2
ADC1.InjectedChannel-1\#ChannelInjectedConversion=ADC_CHANNEL_1
ADC1.InjectedChannel-2\#ChannelInjectedConversion=ADC_CHANNEL_6
ADC1.InjectedOffsetNumber-1\#ChannelInjectedConversion=ADC_OFFSET_NONE
ADC1.InjectedOffsetNumber-2\#ChannelInjectedConversion=ADC_OFFSET_NONE
ADC1.InjectedOffsetSaturation-1\#ChannelInjectedConversion=DISABLE
ADC1.InjectedOffsetSaturation-2\#ChannelInjectedConversion=DISABLE
ADC1.InjectedOffsetSignedSaturation-1\#ChannelInjectedConversion=DISABLE
ADC1.InjectedOffsetSignedSaturation-2\#ChannelInjectedConversion=DISABLE
ADC1.InjectedRank-1\#ChannelInjectedConversion=1
ADC1.InjectedRank-2\#ChannelInjectedConversion=2
ADC1.InjectedSamplingTime-1\#ChannelInjectedConversion=ADC_SAMPLETIME_8CYCLES_5
ADC1.InjectedSamplingTime-2\#ChannelInjectedConversion=ADC_SAMPLETIME_2CYCLES_5
ADC1.Resolution=ADC_RESOLUTION_14B
ADC1.master=1
ADC2.ClockPrescaler=ADC_CLOCK_ASYNC_DIV1
ADC2.ContinuousConvMode=DISABLE
ADC2.ConversionDataManagement=ADC_CONVERSIONDATA_DR
ADC2.DiscontinuousConvMode=DISABLE
ADC2.EOCSelection=ADC_EOC_SINGLE_CONV
ADC2.EnableInjectedConversion=ENABLE
ADC2.EnableRegularConversion=DISABLE
ADC2.ExternalTrigInjecConv=ADC_EXTERNALTRIGINJEC_HR1_ADCTRG2
ADC2.IPParameters=EnableInjectedConversion,InjectedRank-2\#ChannelInjectedConversion,InjectedChannel-2\#ChannelInjectedConversion,InjectedSamplingTime-2\#ChannelInjectedConversion,InjectedOffsetNumber-2\#ChannelInjectedConversion,InjectedOffsetSignedSaturation-2\#ChannelInjectedConversion,InjectedOffsetSaturation-2\#ChannelInjectedConversion,InjNumberOfConversion,ExternalTrigInjecConv,Resolution,ClockPrescaler,ContinuousConvMode,ConversionDataManagement,DiscontinuousConvMode,EOCSelection,EnableRegularConversion,InjectedRank-5\#ChannelInjectedConversion,InjectedChannel-5\#ChannelInjectedConversion,InjectedSamplingTime-5\#ChannelInjectedConversion,InjectedOffsetNumber-5\#ChannelInjectedConversion,InjectedOffsetSignedSaturation-5\#ChannelInjectedConversion,InjectedOffsetSaturation-5\#ChannelInjectedConversion,InjectedRank-6\#ChannelInjectedConversion,InjectedChannel-6\#ChannelInjectedConversion,InjectedSamplingTime-6\#ChannelInjectedConversion,InjectedOffsetNumber-6\#ChannelInjectedConversion,InjectedOffsetSignedSaturation-6\#ChannelInjectedConversion,InjectedOffsetSaturation-6\#ChannelInjectedConversion,InjectedRank-7\#ChannelInjectedConversion,InjectedChannel-7\#ChannelInjectedConversion,InjectedSamplingTime-7\#ChannelInjectedConversion,InjectedOffsetNumber-7\#ChannelInjectedConversion,InjectedOffsetSignedSaturation-7\#ChannelInjectedConversion,InjectedOffsetSaturation-7\#ChannelInjectedConversion
ADC2.InjNumberOfConversion=4
ADC2.InjectedChannel-2\#ChannelInjectedConversion=ADC_CHANNEL_0
ADC2.InjectedChannel-5\#ChannelInjectedConversion=ADC_CHANNEL_3
ADC2.InjectedChannel-6\#ChannelInjectedConversion=ADC_CHANNEL_6
ADC2.InjectedChannel-7\#ChannelInjectedConversion=ADC_CHANNEL_9
ADC2.InjectedOffsetNumber-2\#ChannelInjectedConversion=ADC_OFFSET_NONE
ADC2.InjectedOffsetNumber-5\#ChannelInjectedConversion=ADC_OFFSET_NONE
ADC2.InjectedOffsetNumber-6\#ChannelInjectedConversion=ADC_OFFSET_NONE
ADC2.InjectedOffsetNumber-7\#ChannelInjectedConversion=ADC_OFFSET_NONE
ADC2.InjectedOffsetSaturation-2\#ChannelInjectedConversion=DISABLE
ADC2.InjectedOffsetSaturation-5\#ChannelInjectedConversion=DISABLE
ADC2.InjectedOffsetSaturation-6\#ChannelInjectedConversion=DISABLE
ADC2.InjectedOffsetSaturation-7\#ChannelInjectedConversion=DISABLE
ADC2.InjectedOffsetSignedSaturation-2\#ChannelInjectedConversion=DISABLE
ADC2.InjectedOffsetSignedSaturation-5\#ChannelInjectedConversion=DISABLE
ADC2.InjectedOffsetSignedSaturation-6\#ChannelInjectedConversion=DISABLE
ADC2.InjectedOffsetSignedSaturation-7\#ChannelInjectedConversion=DISABLE
ADC2.InjectedRank-2\#ChannelInjectedConversion=1
ADC2.InjectedRank-5\#ChannelInjectedConversion=2
ADC2.InjectedRank-6\#ChannelInjectedConversion=3
ADC2.InjectedRank-7\#ChannelInjectedConversion=4
ADC2.InjectedSamplingTime-2\#ChannelInjectedConversion=ADC_SAMPLETIME_8CYCLES_5
ADC2.InjectedSamplingTime-5\#ChannelInjectedConversion=ADC_SAMPLETIME_1CYCLE_5
ADC2.InjectedSamplingTime-6\#ChannelInjectedConversion=ADC_SAMPLETIME_1CYCLE_5
ADC2.InjectedSamplingTime-7\#ChannelInjectedConversion=ADC_SAMPLETIME_1CYCLE_5
ADC2.Resolution=ADC_RESOLUTION_14B
ADC3.ClockPrescaler=ADC_CLOCK_ASYNC_DIV1
ADC3.EOCSelection=ADC_EOC_SINGLE_CONV
ADC3.EnableInjectedConversion=ENABLE
ADC3.EnableRegularConversion=DISABLE
ADC3.ExternalTrigInjecConv=ADC_EXTERNALTRIGINJEC_HR1_ADCTRG2
ADC3.IPParameters=EnableInjectedConversion,InjectedRank-1\#ChannelInjectedConversion,InjectedChannel-1\#ChannelInjectedConversion,InjectedSamplingTime-1\#ChannelInjectedConversion,InjectedOffsetNumber-1\#ChannelInjectedConversion,InjectedOffsetSignedSaturation-1\#ChannelInjectedConversion,InjectedOffsetSaturation-1\#ChannelInjectedConversion,InjNumberOfConversion,ExternalTrigInjecConv,ClockPrescaler,Resolution,EOCSelection,EnableRegularConversion
ADC3.InjNumberOfConversion=1
ADC3.InjectedChannel-1\#ChannelInjectedConversion=ADC_CHANNEL_1
ADC3.InjectedOffsetNumber-1\#ChannelInjectedConversion=ADC_OFFSET_NONE
ADC3.InjectedOffsetSaturation-1\#ChannelInjectedConversion=DISABLE
ADC3.InjectedOffsetSignedSaturation-1\#ChannelInjectedConversion=DISABLE
ADC3.InjectedRank-1\#ChannelInjectedConversion=1
ADC3.InjectedSamplingTime-1\#ChannelInjectedConversion=ADC_SAMPLETIME_8CYCLES_5
ADC3.Resolution=ADC_RESOLUTION_14B
CAD.formats=[]
CAD.pinconfig=Dual
CAD.provider=
CORTEX_M7.AccessPermission_Spec=MPU_REGION_FULL_ACCESS
CORTEX_M7.BaseAddress_Spec=Uart2DMABufferAddr
CORTEX_M7.CPU_DCache=Disabled
CORTEX_M7.CPU_ICache=Enabled
CORTEX_M7.DisableExec_Spec=MPU_INSTRUCTION_ACCESS_ENABLE
CORTEX_M7.Enable_S-Cortex_Memory_Protection_Unit_Region1_Settings_S=__NULL
CORTEX_M7.IPParameters=default_mode_Activation,Size_Spec,Enable_S-Cortex_Memory_Protection_Unit_Region1_Settings_S,AccessPermission_Spec,DisableExec_Spec,BaseAddress_Spec,CPU_ICache,CPU_DCache
CORTEX_M7.Size_Spec=MPU_REGION_SIZE_64B
CORTEX_M7.default_mode_Activation=1
CRC.IPParameters=InputDataInversionMode,OutputDataInversionMode
CRC.InputDataInversionMode=CRC_INPUTDATA_INVERSION_BYTE
CRC.OutputDataInversionMode=CRC_OUTPUTDATA_INVERSION_ENABLE
CortexM4.IPs=CORTEX_M4\:I,FATFS_M4\:I,FREERTOS_M4\:I,IWDG2\:I,OPENAMP_M4\:I,PDM2PCM_M4\:I,PWR,RCC,RESMGR_UTILITY,SYS_M4\:I,USB_DEVICE_M4\:I,USB_HOST_M4\:I,VREFBUF,WWDG2\:I,GPIO,DMA,BDMA,MDMA,NVIC2\:I,DEBUG,ETH\:I,SPI2\:I,SPI3\:I,STMicroelectronics.X-CUBE-AZRTOS-H7.3.3.0_M4\:I,TIM2\:I,CRC\:I,LPTIM5\:I,LPTIM4\:I
CortexM4.Pins=PB8,PA15 (JTDI),PB9,PD8,PH4,PA4,PA5,PB2,PG0,PE7,PB11,PH6
CortexM7.IPs=CORTEX_M7\:I,FATFS_M7\:I,FREERTOS_M7\:I,IWDG1\:I,OPENAMP_M7\:I,PDM2PCM_M7\:I,PWR\:I,RCC\:I,RESMGR_UTILITY\:I,SYS\:I,USB_DEVICE_M7\:I,USB_HOST_M7\:I,VREFBUF\:I,WWDG1\:I,GPIO\:I,DMA\:I,BDMA\:I,MDMA\:I,NVIC1\:I,DEBUG\:I,HRTIM\:I,ADC1\:I,ADC2\:I,ADC3\:I,SPI1\:I,UART4\:I,TIM7\:I,SPI4\:I,SPI5\:I,USART2\:I,TIM6\:I,LPTIM1\:I,USART1\:I
CortexM7.Pins=PE4,PE0,PG10,PF6,PB12
Dma.Request0=SPI2_TX
Dma.Request1=SPI3_RX
Dma.Request2=SPI3_TX
Dma.Request3=USART1_TX
Dma.Request4=USART1_RX
Dma.Request5=USART2_RX
Dma.Request6=USART2_TX
Dma.RequestsNb=7
Dma.SPI2_TX.0.Direction=DMA_MEMORY_TO_PERIPH
Dma.SPI2_TX.0.EventEnable=DISABLE
Dma.SPI2_TX.0.FIFOMode=DMA_FIFOMODE_DISABLE
Dma.SPI2_TX.0.Instance=DMA2_Stream0
Dma.SPI2_TX.0.MemDataAlignment=DMA_MDATAALIGN_BYTE
Dma.SPI2_TX.0.MemInc=DMA_MINC_ENABLE
Dma.SPI2_TX.0.Mode=DMA_NORMAL
Dma.SPI2_TX.0.PeriphDataAlignment=DMA_PDATAALIGN_BYTE
Dma.SPI2_TX.0.PeriphInc=DMA_PINC_DISABLE
Dma.SPI2_TX.0.Polarity=HAL_DMAMUX_REQ_GEN_RISING
Dma.SPI2_TX.0.Priority=DMA_PRIORITY_MEDIUM
Dma.SPI2_TX.0.RequestNumber=1
Dma.SPI2_TX.0.RequestParameters=Instance,Direction,PeriphInc,MemInc,PeriphDataAlignment,MemDataAlignment,Mode,Priority,FIFOMode,SignalID,Polarity,RequestNumber,SyncSignalID,SyncPolarity,SyncEnable,EventEnable,SyncRequestNumber
Dma.SPI2_TX.0.SignalID=NONE
Dma.SPI2_TX.0.SyncEnable=DISABLE
Dma.SPI2_TX.0.SyncPolarity=HAL_DMAMUX_SYNC_NO_EVENT
Dma.SPI2_TX.0.SyncRequestNumber=1
Dma.SPI2_TX.0.SyncSignalID=NONE
Dma.SPI3_RX.1.Direction=DMA_PERIPH_TO_MEMORY
Dma.SPI3_RX.1.EventEnable=DISABLE
Dma.SPI3_RX.1.FIFOMode=DMA_FIFOMODE_DISABLE
Dma.SPI3_RX.1.Instance=DMA2_Stream2
Dma.SPI3_RX.1.MemDataAlignment=DMA_MDATAALIGN_BYTE
Dma.SPI3_RX.1.MemInc=DMA_MINC_ENABLE
Dma.SPI3_RX.1.Mode=DMA_NORMAL
Dma.SPI3_RX.1.PeriphDataAlignment=DMA_PDATAALIGN_BYTE
Dma.SPI3_RX.1.PeriphInc=DMA_PINC_DISABLE
Dma.SPI3_RX.1.Polarity=HAL_DMAMUX_REQ_GEN_RISING
Dma.SPI3_RX.1.Priority=DMA_PRIORITY_VERY_HIGH
Dma.SPI3_RX.1.RequestNumber=1
Dma.SPI3_RX.1.RequestParameters=Instance,Direction,PeriphInc,MemInc,PeriphDataAlignment,MemDataAlignment,Mode,Priority,FIFOMode,SignalID,Polarity,RequestNumber,SyncSignalID,SyncPolarity,SyncEnable,EventEnable,SyncRequestNumber
Dma.SPI3_RX.1.SignalID=NONE
Dma.SPI3_RX.1.SyncEnable=DISABLE
Dma.SPI3_RX.1.SyncPolarity=HAL_DMAMUX_SYNC_NO_EVENT
Dma.SPI3_RX.1.SyncRequestNumber=1
Dma.SPI3_RX.1.SyncSignalID=NONE
Dma.SPI3_TX.2.Direction=DMA_MEMORY_TO_PERIPH
Dma.SPI3_TX.2.EventEnable=DISABLE
Dma.SPI3_TX.2.FIFOMode=DMA_FIFOMODE_DISABLE
Dma.SPI3_TX.2.Instance=DMA2_Stream1
Dma.SPI3_TX.2.MemDataAlignment=DMA_MDATAALIGN_BYTE
Dma.SPI3_TX.2.MemInc=DMA_MINC_ENABLE
Dma.SPI3_TX.2.Mode=DMA_NORMAL
Dma.SPI3_TX.2.PeriphDataAlignment=DMA_PDATAALIGN_BYTE
Dma.SPI3_TX.2.PeriphInc=DMA_PINC_DISABLE
Dma.SPI3_TX.2.Polarity=HAL_DMAMUX_REQ_GEN_RISING
Dma.SPI3_TX.2.Priority=DMA_PRIORITY_VERY_HIGH
Dma.SPI3_TX.2.RequestNumber=1
Dma.SPI3_TX.2.RequestParameters=Instance,Direction,PeriphInc,MemInc,PeriphDataAlignment,MemDataAlignment,Mode,Priority,FIFOMode,SignalID,Polarity,RequestNumber,SyncSignalID,SyncPolarity,SyncEnable,EventEnable,SyncRequestNumber
Dma.SPI3_TX.2.SignalID=NONE
Dma.SPI3_TX.2.SyncEnable=DISABLE
Dma.SPI3_TX.2.SyncPolarity=HAL_DMAMUX_SYNC_NO_EVENT
Dma.SPI3_TX.2.SyncRequestNumber=1
Dma.SPI3_TX.2.SyncSignalID=NONE
Dma.USART1_RX.4.Direction=DMA_PERIPH_TO_MEMORY
Dma.USART1_RX.4.EventEnable=DISABLE
Dma.USART1_RX.4.FIFOMode=DMA_FIFOMODE_DISABLE
Dma.USART1_RX.4.Instance=DMA2_Stream4
Dma.USART1_RX.4.MemDataAlignment=DMA_MDATAALIGN_BYTE
Dma.USART1_RX.4.MemInc=DMA_MINC_ENABLE
Dma.USART1_RX.4.Mode=DMA_CIRCULAR
Dma.USART1_RX.4.PeriphDataAlignment=DMA_PDATAALIGN_BYTE
Dma.USART1_RX.4.PeriphInc=DMA_PINC_DISABLE
Dma.USART1_RX.4.Polarity=HAL_DMAMUX_REQ_GEN_RISING
Dma.USART1_RX.4.Priority=DMA_PRIORITY_LOW
Dma.USART1_RX.4.RequestNumber=1
Dma.USART1_RX.4.RequestParameters=Instance,Direction,PeriphInc,MemInc,PeriphDataAlignment,MemDataAlignment,Mode,Priority,FIFOMode,SignalID,Polarity,RequestNumber,SyncSignalID,SyncPolarity,SyncEnable,EventEnable,SyncRequestNumber
Dma.USART1_RX.4.SignalID=NONE
Dma.USART1_RX.4.SyncEnable=DISABLE
Dma.USART1_RX.4.SyncPolarity=HAL_DMAMUX_SYNC_NO_EVENT
Dma.USART1_RX.4.SyncRequestNumber=1
Dma.USART1_RX.4.SyncSignalID=NONE
Dma.USART1_TX.3.Direction=DMA_MEMORY_TO_PERIPH
Dma.USART1_TX.3.EventEnable=DISABLE
Dma.USART1_TX.3.FIFOMode=DMA_FIFOMODE_DISABLE
Dma.USART1_TX.3.Instance=DMA2_Stream3
Dma.USART1_TX.3.MemDataAlignment=DMA_MDATAALIGN_BYTE
Dma.USART1_TX.3.MemInc=DMA_MINC_ENABLE
Dma.USART1_TX.3.Mode=DMA_NORMAL
Dma.USART1_TX.3.PeriphDataAlignment=DMA_PDATAALIGN_BYTE
Dma.USART1_TX.3.PeriphInc=DMA_PINC_DISABLE
Dma.USART1_TX.3.Polarity=HAL_DMAMUX_REQ_GEN_RISING
Dma.USART1_TX.3.Priority=DMA_PRIORITY_LOW
Dma.USART1_TX.3.RequestNumber=1
Dma.USART1_TX.3.RequestParameters=Instance,Direction,PeriphInc,MemInc,PeriphDataAlignment,MemDataAlignment,Mode,Priority,FIFOMode,SignalID,Polarity,RequestNumber,SyncSignalID,SyncPolarity,SyncEnable,EventEnable,SyncRequestNumber
Dma.USART1_TX.3.SignalID=NONE
Dma.USART1_TX.3.SyncEnable=DISABLE
Dma.USART1_TX.3.SyncPolarity=HAL_DMAMUX_SYNC_NO_EVENT
Dma.USART1_TX.3.SyncRequestNumber=1
Dma.USART1_TX.3.SyncSignalID=NONE
Dma.USART2_RX.5.Direction=DMA_PERIPH_TO_MEMORY
Dma.USART2_RX.5.EventEnable=DISABLE
Dma.USART2_RX.5.FIFOMode=DMA_FIFOMODE_DISABLE
Dma.USART2_RX.5.Instance=DMA1_Stream0
Dma.USART2_RX.5.MemDataAlignment=DMA_MDATAALIGN_BYTE
Dma.USART2_RX.5.MemInc=DMA_MINC_ENABLE
Dma.USART2_RX.5.Mode=DMA_CIRCULAR
Dma.USART2_RX.5.PeriphDataAlignment=DMA_PDATAALIGN_BYTE
Dma.USART2_RX.5.PeriphInc=DMA_PINC_DISABLE
Dma.USART2_RX.5.Polarity=HAL_DMAMUX_REQ_GEN_RISING
Dma.USART2_RX.5.Priority=DMA_PRIORITY_HIGH
Dma.USART2_RX.5.RequestNumber=1
Dma.USART2_RX.5.RequestParameters=Instance,Direction,PeriphInc,MemInc,PeriphDataAlignment,MemDataAlignment,Mode,Priority,FIFOMode,SignalID,Polarity,RequestNumber,SyncSignalID,SyncPolarity,SyncEnable,EventEnable,SyncRequestNumber
Dma.USART2_RX.5.SignalID=NONE
Dma.USART2_RX.5.SyncEnable=DISABLE
Dma.USART2_RX.5.SyncPolarity=HAL_DMAMUX_SYNC_NO_EVENT
Dma.USART2_RX.5.SyncRequestNumber=1
Dma.USART2_RX.5.SyncSignalID=NONE
Dma.USART2_TX.6.Direction=DMA_MEMORY_TO_PERIPH
Dma.USART2_TX.6.EventEnable=DISABLE
Dma.USART2_TX.6.FIFOMode=DMA_FIFOMODE_DISABLE
Dma.USART2_TX.6.Instance=DMA1_Stream1
Dma.USART2_TX.6.MemDataAlignment=DMA_MDATAALIGN_BYTE
Dma.USART2_TX.6.MemInc=DMA_MINC_ENABLE
Dma.USART2_TX.6.Mode=DMA_NORMAL
Dma.USART2_TX.6.PeriphDataAlignment=DMA_PDATAALIGN_BYTE
Dma.USART2_TX.6.PeriphInc=DMA_PINC_DISABLE
Dma.USART2_TX.6.Polarity=HAL_DMAMUX_REQ_GEN_RISING
Dma.USART2_TX.6.Priority=DMA_PRIORITY_HIGH
Dma.USART2_TX.6.RequestNumber=1
Dma.USART2_TX.6.RequestParameters=Instance,Direction,PeriphInc,MemInc,PeriphDataAlignment,MemDataAlignment,Mode,Priority,FIFOMode,SignalID,Polarity,RequestNumber,SyncSignalID,SyncPolarity,SyncEnable,EventEnable,SyncRequestNumber
Dma.USART2_TX.6.SignalID=NONE
Dma.USART2_TX.6.SyncEnable=DISABLE
Dma.USART2_TX.6.SyncPolarity=HAL_DMAMUX_SYNC_NO_EVENT
Dma.USART2_TX.6.SyncRequestNumber=1
Dma.USART2_TX.6.SyncSignalID=NONE
ETH.ETH_RX_DESC_CNT=8
ETH.ETH_TX_DESC_CNT=40
ETH.IPParameters=MediaInterface,ETH_TX_DESC_CNT,ETH_RX_DESC_CNT
ETH.MediaInterface=HAL_ETH_RMII_MODE
File.Version=6
GPIO.groupedBy=Group By Peripherals
HRTIM.ADCTrigger2_Source1=HRTIM_ADCTRIGGEREVENT24_MASTER_CMP1
HRTIM.ADCTrigger_Id1=__NULL
HRTIM.ADCTrigger_Id2=HRTIM_ADCTRIGGER_2
HRTIM.ADCTrigger_Id3=__NULL
HRTIM.CompareUnit1-MasterTimer=HRTIM_COMPAREUNIT_1
HRTIM.CompareUnit1-Output_TA1TA2=HRTIM_COMPAREUNIT_1
HRTIM.CompareUnit1-Output_TB1TB2=HRTIM_COMPAREUNIT_1
HRTIM.CompareUnit1-Output_TC1TC2=HRTIM_COMPAREUNIT_1
HRTIM.CompareUnit3-Output_TA1TA2=HRTIM_COMPAREUNIT_3
HRTIM.CompareUnit3-Output_TB1TB2=HRTIM_COMPAREUNIT_3
HRTIM.CompareUnit3-Output_TC1TC2=HRTIM_COMPAREUNIT_3
HRTIM.CompareValue1-MasterTimer=PeriodCnt-1
HRTIM.CompareValue1-Output_TA1TA2=PeriodCnt
HRTIM.CompareValue1-Output_TB1TB2=PeriodCnt
HRTIM.CompareValue1-Output_TC1TC2=PeriodCnt
HRTIM.CompareValue3-Output_TA1TA2=PeriodCnt
HRTIM.CompareValue3-Output_TB1TB2=PeriodCnt
HRTIM.CompareValue3-Output_TC1TC2=PeriodCnt
HRTIM.DeadTimeInsertion-Output_TA1TA2=HRTIM_TIMDEADTIMEINSERTION_ENABLED
HRTIM.DeadTimeInsertion-Output_TB1TB2=HRTIM_TIMDEADTIMEINSERTION_ENABLED
HRTIM.DeadTimeInsertion-Output_TC1TC2=HRTIM_TIMDEADTIMEINSERTION_ENABLED
HRTIM.FallingValue-Output_TA1TA2=DeadTimeCnt
HRTIM.FallingValue-Output_TB1TB2=DeadTimeCnt
HRTIM.FallingValue-Output_TC1TC2=DeadTimeCnt
HRTIM.IPParameters=Periode_MASTER,PreloadEnable-MasterTimer,RepetitionUpdate-MasterTimer,NumberInterruptRequests_Master-MasterTimer,InterruptRequests1_Master,Periode_TA,PreloadEnable-Output_TA1TA2,RepetitionUpdate-Output_TA1TA2,DeadTimeInsertion-Output_TA1TA2,NumberUpdateTrigger-Output_TA1TA2,NumberResetTrigger-Output_TA1TA2,ResetTrigger1-Output_TA1TA2,CompareUnit1-Output_TA1TA2,CompareUnit3-Output_TA1TA2,CompareValue1-Output_TA1TA2,CompareValue3-Output_TA1TA2,PrescalerDead-Output_TA1TA2,RisingValue-Output_TA1TA2,FallingValue-Output_TA1TA2,NumberSetSource1-Output_TA1TA2,SetOutput1_Source1-Output_TA1TA2,NumberResetSource1-Output_TA1TA2,ResetOutput1_Source1-Output_TA1TA2,Periode_TB,PreloadEnable-Output_TB1TB2,RepetitionUpdate-Output_TB1TB2,DeadTimeInsertion-Output_TB1TB2,NumberResetTrigger-Output_TB1TB2,ResetTrigger1-Output_TB1TB2,CompareUnit1-Output_TB1TB2,CompareUnit3-Output_TB1TB2,CompareValue1-Output_TB1TB2,CompareValue3-Output_TB1TB2,PrescalerDead-Output_TB1TB2,RisingValue-Output_TB1TB2,FallingValue-Output_TB1TB2,NumberSetSource1-Output_TB1TB2,NumberResetSource1-Output_TB1TB2,SetOutput1_Source1-Output_TB1TB2,ResetOutput1_Source1-Output_TB1TB2,Periode_TC,PreloadEnable-Output_TC1TC2,RepetitionUpdate-Output_TC1TC2,DeadTimeInsertion-Output_TC1TC2,NumberResetTrigger-Output_TC1TC2,ResetTrigger1-Output_TC1TC2,CompareUnit1-Output_TC1TC2,CompareUnit3-Output_TC1TC2,CompareValue1-Output_TC1TC2,CompareValue3-Output_TC1TC2,PrescalerDead-Output_TC1TC2,RisingValue-Output_TC1TC2,FallingValue-Output_TC1TC2,NumberSetSource1-Output_TC1TC2,SetOutput1_Source1-Output_TC1TC2,NumberResetSource1-Output_TC1TC2,ResetOutput1_Source1-Output_TC1TC2,ADCTrigger_Id2,NumberADCTriggerSource2,ADCTrigger2_Source1,CompareUnit1-MasterTimer,CompareValue1-MasterTimer,ADCTrigger_Id1,ADCTrigger_Id3
HRTIM.InterruptRequests1_Master=HRTIM_MASTER_IT_MREP
HRTIM.NumberADCTriggerSource2=1
HRTIM.NumberInterruptRequests_Master-MasterTimer=1
HRTIM.NumberResetSource1-Output_TA1TA2=1
HRTIM.NumberResetSource1-Output_TB1TB2=1
HRTIM.NumberResetSource1-Output_TC1TC2=1
HRTIM.NumberResetTrigger-Output_TA1TA2=1
HRTIM.NumberResetTrigger-Output_TB1TB2=1
HRTIM.NumberResetTrigger-Output_TC1TC2=1
HRTIM.NumberSetSource1-Output_TA1TA2=1
HRTIM.NumberSetSource1-Output_TB1TB2=1
HRTIM.NumberSetSource1-Output_TC1TC2=1
HRTIM.NumberUpdateTrigger-Output_TA1TA2=0
HRTIM.Periode_MASTER=PeriodCnt
HRTIM.Periode_TA=PeriodCnt
HRTIM.Periode_TB=PeriodCnt
HRTIM.Periode_TC=PeriodCnt
HRTIM.PreloadEnable-MasterTimer=HRTIM_PRELOAD_ENABLED
HRTIM.PreloadEnable-Output_TA1TA2=HRTIM_PRELOAD_ENABLED
HRTIM.PreloadEnable-Output_TB1TB2=HRTIM_PRELOAD_ENABLED
HRTIM.PreloadEnable-Output_TC1TC2=HRTIM_PRELOAD_ENABLED
HRTIM.PrescalerDead-Output_TA1TA2=HRTIM_TIMDEADTIME_PRESCALERRATIO_DIV1
HRTIM.PrescalerDead-Output_TB1TB2=HRTIM_TIMDEADTIME_PRESCALERRATIO_DIV1
HRTIM.PrescalerDead-Output_TC1TC2=HRTIM_TIMDEADTIME_PRESCALERRATIO_DIV1
HRTIM.RepetitionUpdate-MasterTimer=HRTIM_UPDATEONREPETITION_ENABLED
HRTIM.RepetitionUpdate-Output_TA1TA2=HRTIM_UPDATEONREPETITION_ENABLED
HRTIM.RepetitionUpdate-Output_TB1TB2=HRTIM_UPDATEONREPETITION_ENABLED
HRTIM.RepetitionUpdate-Output_TC1TC2=HRTIM_UPDATEONREPETITION_ENABLED
HRTIM.ResetOutput1_Source1-Output_TA1TA2=HRTIM_OUTPUTRESET_TIMCMP3
HRTIM.ResetOutput1_Source1-Output_TB1TB2=HRTIM_OUTPUTRESET_TIMCMP3
HRTIM.ResetOutput1_Source1-Output_TC1TC2=HRTIM_OUTPUTRESET_TIMCMP3
HRTIM.ResetTrigger1-Output_TA1TA2=HRTIM_TIMRESETTRIGGER_MASTER_PER
HRTIM.ResetTrigger1-Output_TB1TB2=HRTIM_TIMRESETTRIGGER_MASTER_PER
HRTIM.ResetTrigger1-Output_TC1TC2=HRTIM_TIMRESETTRIGGER_MASTER_PER
HRTIM.RisingValue-Output_TA1TA2=DeadTimeCnt
HRTIM.RisingValue-Output_TB1TB2=DeadTimeCnt
HRTIM.RisingValue-Output_TC1TC2=DeadTimeCnt
HRTIM.SetOutput1_Source1-Output_TA1TA2=HRTIM_OUTPUTSET_TIMCMP1
HRTIM.SetOutput1_Source1-Output_TB1TB2=HRTIM_OUTPUTSET_TIMCMP1
HRTIM.SetOutput1_Source1-Output_TC1TC2=HRTIM_OUTPUTSET_TIMCMP1
KeepUserPlacement=false
LPTIM1.ClockPrescaler=LPTIM_PRESCALER_DIV64
LPTIM1.IPParameters=ClockPrescaler
LPTIM4.ClockPrescaler=LPTIM_PRESCALER_DIV8
LPTIM4.IPParameters=ClockPrescaler
LPTIM5.ClockPrescaler=LPTIM_PRESCALER_DIV8
LPTIM5.IPParameters=ClockPrescaler
Mcu.CPN=STM32H745IIK6
Mcu.Context0=CortexM7
Mcu.Context1=CortexM4
Mcu.ContextNb=2
Mcu.Family=STM32H7
Mcu.IP0=ADC1
Mcu.IP1=ADC2
Mcu.IP10=LPTIM1
Mcu.IP11=LPTIM4
Mcu.IP12=LPTIM5
Mcu.IP13=NVIC1
Mcu.IP14=NVIC2
Mcu.IP15=RCC
Mcu.IP16=SPI1
Mcu.IP17=SPI2
Mcu.IP18=SPI3
Mcu.IP19=SPI4
Mcu.IP2=ADC3
Mcu.IP20=SPI5
Mcu.IP21=SYS_M4
Mcu.IP22=SYS
Mcu.IP23=TIM2
Mcu.IP24=TIM6
Mcu.IP25=TIM7
Mcu.IP26=USART1
Mcu.IP27=USART2
Mcu.IP3=CORTEX_M4
Mcu.IP4=CORTEX_M7
Mcu.IP5=CRC
Mcu.IP6=DEBUG
Mcu.IP7=DMA
Mcu.IP8=ETH
Mcu.IP9=HRTIM
Mcu.IPNb=28
Mcu.Name=STM32H745IIKx
Mcu.Package=UFBGA176
Mcu.Pin0=PB8
Mcu.Pin1=PB6
Mcu.Pin10=PE0
Mcu.Pin11=PB7
Mcu.Pin12=PB4 (NJTRST)
Mcu.Pin13=PG13
Mcu.Pin14=PD7
Mcu.Pin15=PD5
Mcu.Pin16=PC12
Mcu.Pin17=PA13 (JTMS/SWDIO)
Mcu.Pin18=PA8
Mcu.Pin19=PE2
Mcu.Pin2=PB3 (JTDO/TRACESWO)
Mcu.Pin20=PG14
Mcu.Pin21=PG10
Mcu.Pin22=PD4
Mcu.Pin23=PC10
Mcu.Pin24=PA10
Mcu.Pin25=PE5
Mcu.Pin26=PD6
Mcu.Pin27=PA9
Mcu.Pin28=PC8
Mcu.Pin29=PC7
Mcu.Pin3=PG11
Mcu.Pin30=PE6
Mcu.Pin31=PC6
Mcu.Pin32=PF6
Mcu.Pin33=PH0-OSC_IN (PH0)
Mcu.Pin34=PF8
Mcu.Pin35=PF7
Mcu.Pin36=PF9
Mcu.Pin37=PH1-OSC_OUT (PH1)
Mcu.Pin38=PC1
Mcu.Pin39=PD8
Mcu.Pin4=PG9
Mcu.Pin40=PC2
Mcu.Pin41=PC3
Mcu.Pin42=PC5
Mcu.Pin43=PB12
Mcu.Pin44=PC3_C
Mcu.Pin45=PA7
Mcu.Pin46=PA1
Mcu.Pin47=PA1_C
Mcu.Pin48=PH4
Mcu.Pin49=PA4
Mcu.Pin5=PD3
Mcu.Pin50=PA5
Mcu.Pin51=PB2
Mcu.Pin52=PG0
Mcu.Pin53=PE7
Mcu.Pin54=PB11
Mcu.Pin55=PF12
Mcu.Pin56=PH6
Mcu.Pin57=PA2
Mcu.Pin58=PA0_C
Mcu.Pin59=PC4
Mcu.Pin6=PA15 (JTDI)
Mcu.Pin60=PA6
Mcu.Pin61=PB0
Mcu.Pin62=PF14
Mcu.Pin63=VP_CRC_VS_CRC
Mcu.Pin64=VP_HRTIM_VS_hrtimMasterTimerNoOutput
Mcu.Pin65=VP_LPTIM1_VS_LPTIM_counterModeInternalClock
Mcu.Pin66=VP_LPTIM4_VS_LPTIM_counterModeInternalClock
Mcu.Pin67=VP_LPTIM5_VS_LPTIM_counterModeInternalClock
Mcu.Pin68=VP_SYS_VS_Systick
Mcu.Pin69=VP_SYS_M4_VS_Systick
Mcu.Pin7=PA14 (JTCK/SWCLK)
Mcu.Pin70=VP_TIM2_VS_ClockSourceINT
Mcu.Pin71=VP_TIM6_VS_ClockSourceINT
Mcu.Pin72=VP_TIM7_VS_ClockSourceINT
Mcu.Pin73=VP_STMicroelectronics.X-CUBE-AZRTOS-H7_M4_VS_RTOSJjThreadX_6.4.0_3.3.0
Mcu.Pin74=VP_STMicroelectronics.X-CUBE-AZRTOS-H7_M4_VS_FileOoSystemJjFileX_6.4.0_3.3.0
Mcu.Pin75=VP_STMicroelectronics.X-CUBE-AZRTOS-H7_M4_VS_FileOoSystemJjLevelX_6.4.0_3.3.0
Mcu.Pin76=VP_STMicroelectronics.X-CUBE-AZRTOS-H7_M4_VS_NetworkJjNetXDuo_6.4.0_3.3.0
Mcu.Pin8=PE4
Mcu.Pin9=PB9
Mcu.PinsNb=77
Mcu.ThirdParty0=STMicroelectronics.X-CUBE-AZRTOS-H7.3.3.0
Mcu.ThirdParty0_ContextShortName=M4
Mcu.ThirdParty0_Instance=STMicroelectronics.X-CUBE-AZRTOS-H7.3.3.0_M4
Mcu.ThirdPartyNb=1
Mcu.UserConstants=Uart2DMABufferAddr-CortexM7,0x020000;DeadTimeCnt-CortexM7,100;PeriodCnt-CortexM7,4000
Mcu.UserName=STM32H745IIKx
MxCube.Version=6.14.0
MxDb.Version=DB.6.0.140
NVIC1.BusFault_IRQn=true\:0\:0\:false\:false\:true\:false\:false\:false
NVIC1.DMA1_Stream0_IRQn=true\:0\:0\:false\:false\:true\:false\:true\:true
NVIC1.DMA1_Stream1_IRQn=true\:0\:0\:false\:false\:true\:false\:true\:true
NVIC1.DMA2_Stream3_IRQn=true\:0\:0\:false\:false\:true\:false\:true\:true
NVIC1.DMA2_Stream4_IRQn=true\:0\:0\:false\:false\:true\:false\:true\:true
NVIC1.DebugMonitor_IRQn=true\:0\:0\:false\:false\:true\:false\:false\:false
NVIC1.ForceEnableDMAVector=true
NVIC1.HRTIM1_Master_IRQn=true\:0\:0\:true\:false\:true\:true\:true\:true
NVIC1.HardFault_IRQn=true\:0\:0\:false\:false\:true\:false\:false\:false
NVIC1.LPTIM1_IRQn=true\:0\:0\:false\:false\:true\:true\:true\:true
NVIC1.MemoryManagement_IRQn=true\:0\:0\:false\:false\:true\:false\:false\:false
NVIC1.NonMaskableInt_IRQn=true\:0\:0\:false\:false\:true\:false\:false\:false
NVIC1.PendSV_IRQn=true\:0\:0\:false\:false\:true\:false\:false\:false
NVIC1.PriorityGroup=NVIC_PRIORITYGROUP_4
NVIC1.SVCall_IRQn=true\:0\:0\:false\:false\:true\:false\:false\:false
NVIC1.SysTick_IRQn=true\:15\:0\:false\:false\:true\:false\:true\:false
NVIC1.TIM6_DAC_IRQn=true\:0\:0\:false\:false\:true\:true\:true\:true
NVIC1.USART1_IRQn=true\:0\:0\:false\:false\:true\:true\:true\:true
NVIC1.USART2_IRQn=true\:0\:0\:false\:false\:true\:true\:true\:true
NVIC1.UsageFault_IRQn=true\:0\:0\:false\:false\:true\:false\:false\:false
NVIC2.BusFault_IRQn=true\:0\:0\:false\:false\:true\:false\:false\:false\:false
NVIC2.DMA2_Stream0_IRQn=true\:15\:0\:true\:false\:true\:false\:false\:true\:true
NVIC2.DMA2_Stream1_IRQn=true\:9\:0\:true\:false\:true\:false\:false\:true\:true
NVIC2.DMA2_Stream2_IRQn=true\:9\:0\:true\:false\:true\:false\:false\:true\:true
NVIC2.DebugMonitor_IRQn=true\:0\:0\:false\:false\:true\:false\:false\:false\:false
NVIC2.ETH_IRQn=true\:6\:0\:true\:false\:true\:false\:true\:true\:true
NVIC2.ForceEnableDMAVector=true
NVIC2.HardFault_IRQn=true\:0\:0\:false\:false\:true\:false\:false\:false\:false
NVIC2.LPTIM4_IRQn=true\:5\:0\:true\:false\:true\:false\:true\:true\:true
NVIC2.LPTIM5_IRQn=true\:6\:0\:true\:false\:true\:false\:true\:true\:true
NVIC2.MemoryManagement_IRQn=true\:0\:0\:false\:false\:true\:false\:false\:false\:false
NVIC2.NonMaskableInt_IRQn=true\:0\:0\:false\:false\:true\:false\:false\:false\:false
NVIC2.PendSV_IRQn=true\:0\:0\:false\:false\:false\:false\:false\:false\:false
NVIC2.PriorityGroup=NVIC_PRIORITYGROUP_4
NVIC2.SPI2_IRQn=true\:15\:0\:true\:false\:true\:false\:false\:true\:true
NVIC2.SPI3_IRQn=true\:9\:0\:true\:false\:true\:false\:false\:true\:true
NVIC2.SVCall_IRQn=true\:0\:0\:false\:false\:false\:false\:false\:false\:false
NVIC2.SavedPendsvIrqHandlerGenerated=true
NVIC2.SavedSvcallIrqHandlerGenerated=true
NVIC2.SavedSystickIrqHandlerGenerated=true
NVIC2.SysTick_IRQn=true\:0\:0\:false\:false\:false\:false\:false\:true\:false
NVIC2.UsageFault_IRQn=true\:0\:0\:false\:false\:true\:false\:false\:false\:false
PA0_C.GPIOParameters=GPIO_Label,PinAttribute
PA0_C.GPIO_Label=MOTOR_SO2
PA0_C.Locked=true
PA0_C.PinAttribute=CortexM7
PA0_C.Signal=SharedAnalog_PA0
PA1.GPIOParameters=GPIO_Speed,PinAttribute
PA1.GPIO_Speed=GPIO_SPEED_FREQ_HIGH
PA1.Locked=true
PA1.Mode=RMII
PA1.PinAttribute=CortexM4
PA1.Signal=ETH_REF_CLK
PA10.GPIOParameters=GPIO_Label,PinAttribute
PA10.GPIO_Label=HRCHC2
PA10.Locked=true
PA10.Mode=Output_TC1TC2
PA10.PinAttribute=CortexM7
PA10.Signal=HRTIM_CHC2
PA13\ (JTMS/SWDIO).GPIOParameters=PinAttribute
PA13\ (JTMS/SWDIO).Locked=true
PA13\ (JTMS/SWDIO).Mode=Serial_Wire
PA13\ (JTMS/SWDIO).PinAttribute=CortexM7
PA13\ (JTMS/SWDIO).Signal=DEBUG_JTMS-SWDIO
PA14\ (JTCK/SWCLK).GPIOParameters=PinAttribute
PA14\ (JTCK/SWCLK).Locked=true
PA14\ (JTCK/SWCLK).Mode=Serial_Wire
PA14\ (JTCK/SWCLK).PinAttribute=CortexM7
PA14\ (JTCK/SWCLK).Signal=DEBUG_JTCK-SWCLK
PA15\ (JTDI).ContextOwner=CortexM4
PA15\ (JTDI).GPIOParameters=PinState,GPIO_Label,PinAttribute
PA15\ (JTDI).GPIO_Label=W25QXX_CS
PA15\ (JTDI).Locked=true
PA15\ (JTDI).PinAttribute=CortexM4
PA15\ (JTDI).PinState=GPIO_PIN_SET
PA15\ (JTDI).Signal=GPIO_Output
PA1_C.GPIOParameters=GPIO_Label,PinAttribute
PA1_C.GPIO_Label=MOTOR_SO1
PA1_C.Locked=true
PA1_C.PinAttribute=CortexM7
PA1_C.Signal=ADCx_INP1
PA2.GPIOParameters=GPIO_Speed,PinAttribute
PA2.GPIO_Speed=GPIO_SPEED_FREQ_HIGH
PA2.Locked=true
PA2.Mode=RMII
PA2.PinAttribute=CortexM4
PA2.Signal=ETH_MDIO
PA4.ContextOwner=CortexM4
PA4.GPIOParameters=PinState,GPIO_Label,GPIO_ModeDefaultOutputPP,PinAttribute
PA4.GPIO_Label=FPGASW_RECFG
PA4.GPIO_ModeDefaultOutputPP=GPIO_MODE_OUTPUT_PP
PA4.Locked=true
PA4.PinAttribute=CortexM4
PA4.PinState=GPIO_PIN_SET
PA4.Signal=GPIO_Output
PA5.ContextOwner=CortexM4
PA5.GPIOParameters=GPIO_Label,PinAttribute
PA5.GPIO_Label=FPGASW_TDO
PA5.Locked=true
PA5.PinAttribute=CortexM4
PA5.Signal=GPIO_Input
PA6.GPIOParameters=GPIO_Label,PinAttribute
PA6.GPIO_Label=MOS_NTC
PA6.Locked=true
PA6.PinAttribute=CortexM7
PA6.Signal=ADCx_INP3
PA7.GPIOParameters=GPIO_Speed,PinAttribute
PA7.GPIO_Speed=GPIO_SPEED_FREQ_HIGH
PA7.Locked=true
PA7.Mode=RMII
PA7.PinAttribute=CortexM4
PA7.Signal=ETH_CRS_DV
PA8.GPIOParameters=GPIO_Label,PinAttribute
PA8.GPIO_Label=HRCHB2
PA8.Locked=true
PA8.Mode=Output_TB1TB2
PA8.PinAttribute=CortexM7
PA8.Signal=HRTIM_CHB2
PA9.GPIOParameters=GPIO_Label,PinAttribute
PA9.GPIO_Label=HRCHC1
PA9.Locked=true
PA9.Mode=Output_TC1TC2
PA9.PinAttribute=CortexM7
PA9.Signal=HRTIM_CHC1
PB0.GPIOParameters=GPIO_Label,PinAttribute
PB0.GPIO_Label=MOTOR_NTC2
PB0.Locked=true
PB0.PinAttribute=CortexM7
PB0.Signal=ADCx_INP9
PB11.ContextOwner=CortexM4
PB11.GPIOParameters=GPIO_Label,PinAttribute
PB11.GPIO_Label=FPGASW_LOGIC_RST
PB11.Locked=true
PB11.PinAttribute=CortexM4
PB11.Signal=GPIO_Output
PB12.ContextOwner=CortexM7
PB12.GPIOParameters=PinState,GPIO_Label,PinAttribute
PB12.GPIO_Label=GATE_EN
PB12.Locked=true
PB12.PinAttribute=CortexM7
PB12.PinState=GPIO_PIN_SET
PB12.Signal=GPIO_Output
PB2.ContextOwner=CortexM4
PB2.GPIOParameters=PinState,GPIO_PuPd,GPIO_Label,GPIO_ModeDefaultOutputPP,PinAttribute
PB2.GPIO_Label=FPGASW_TDI
PB2.GPIO_ModeDefaultOutputPP=GPIO_MODE_OUTPUT_OD
PB2.GPIO_PuPd=GPIO_NOPULL
PB2.Locked=true
PB2.PinAttribute=CortexM4
PB2.PinState=GPIO_PIN_SET
PB2.Signal=GPIO_Output
PB3\ (JTDO/TRACESWO).GPIOParameters=GPIO_Speed,GPIO_Label,PinAttribute
PB3\ (JTDO/TRACESWO).GPIO_Label=ENCODER_SPI_CLK
PB3\ (JTDO/TRACESWO).GPIO_Speed=GPIO_SPEED_FREQ_VERY_HIGH
PB3\ (JTDO/TRACESWO).Locked=true
PB3\ (JTDO/TRACESWO).Mode=Full_Duplex_Master
PB3\ (JTDO/TRACESWO).PinAttribute=CortexM7
PB3\ (JTDO/TRACESWO).Signal=SPI1_SCK
PB4\ (NJTRST).GPIOParameters=GPIO_Speed,GPIO_Label,PinAttribute
PB4\ (NJTRST).GPIO_Label=W25QXX_MISO
PB4\ (NJTRST).GPIO_Speed=GPIO_SPEED_FREQ_HIGH
PB4\ (NJTRST).Locked=true
PB4\ (NJTRST).Mode=Full_Duplex_Master
PB4\ (NJTRST).PinAttribute=CortexM4
PB4\ (NJTRST).Signal=SPI3_MISO
PB6.GPIOParameters=GPIO_Speed,GPIO_Label,PinAttribute
PB6.GPIO_Label=LOG_TX
PB6.GPIO_Speed=GPIO_SPEED_FREQ_LOW
PB6.Locked=true
PB6.Mode=Asynchronous
PB6.PinAttribute=CortexM7
PB6.Signal=USART1_TX
PB7.GPIOParameters=GPIO_Speed,GPIO_Label,PinAttribute
PB7.GPIO_Label=LOG_RX
PB7.GPIO_Speed=GPIO_SPEED_FREQ_LOW
PB7.Locked=true
PB7.Mode=Asynchronous
PB7.PinAttribute=CortexM7
PB7.Signal=USART1_RX
PB8.ContextOwner=CortexM4
PB8.GPIOParameters=PinState,GPIO_Label,PinAttribute
PB8.GPIO_Label=FPGASW_RST_PHYA
PB8.Locked=true
PB8.PinAttribute=CortexM4
PB8.PinState=GPIO_PIN_SET
PB8.Signal=GPIO_Output
PB9.ContextOwner=CortexM4
PB9.GPIOParameters=GPIO_Label,PinAttribute
PB9.GPIO_Label=LED_CS
PB9.Locked=true
PB9.PinAttribute=CortexM4
PB9.Signal=GPIO_Output
PC1.GPIOParameters=GPIO_Speed,PinAttribute
PC1.GPIO_Speed=GPIO_SPEED_FREQ_HIGH
PC1.Locked=true
PC1.Mode=RMII
PC1.PinAttribute=CortexM4
PC1.Signal=ETH_MDC
PC10.GPIOParameters=GPIO_Speed,GPIO_Label,PinAttribute
PC10.GPIO_Label=W25QXX_CLK
PC10.GPIO_Speed=GPIO_SPEED_FREQ_HIGH
PC10.Locked=true
PC10.Mode=Full_Duplex_Master
PC10.PinAttribute=CortexM4
PC10.Signal=SPI3_SCK
PC12.GPIOParameters=GPIO_Speed,GPIO_Label,PinAttribute
PC12.GPIO_Label=W25QXX_MOSI
PC12.GPIO_Speed=GPIO_SPEED_FREQ_HIGH
PC12.Locked=true
PC12.Mode=Full_Duplex_Master
PC12.PinAttribute=CortexM4
PC12.Signal=SPI3_MOSI
PC2.GPIOParameters=GPIO_Label,PinAttribute
PC2.GPIO_Label=LED_MISO
PC2.Locked=true
PC2.Mode=Full_Duplex_Master
PC2.PinAttribute=CortexM4
PC2.Signal=SPI2_MISO
PC3.GPIOParameters=GPIO_Speed,GPIO_Label,PinAttribute
PC3.GPIO_Label=LED_MOSI
PC3.GPIO_Speed=GPIO_SPEED_FREQ_MEDIUM
PC3.Locked=true
PC3.Mode=Full_Duplex_Master
PC3.PinAttribute=CortexM4
PC3.Signal=SPI2_MOSI
PC3_C.GPIOParameters=GPIO_Label,PinAttribute
PC3_C.GPIO_Label=MOTOR_SO3
PC3_C.Locked=true
PC3_C.Mode=IN1-Single-Ended
PC3_C.PinAttribute=CortexM7
PC3_C.Signal=ADC3_INP1
PC4.GPIOParameters=GPIO_Speed,PinAttribute
PC4.GPIO_Speed=GPIO_SPEED_FREQ_HIGH
PC4.Locked=true
PC4.Mode=RMII
PC4.PinAttribute=CortexM4
PC4.Signal=ETH_RXD0
PC5.GPIOParameters=GPIO_Speed,PinAttribute
PC5.GPIO_Speed=GPIO_SPEED_FREQ_HIGH
PC5.Locked=true
PC5.Mode=RMII
PC5.PinAttribute=CortexM4
PC5.Signal=ETH_RXD1
PC6.GPIOParameters=GPIO_Label,PinAttribute
PC6.GPIO_Label=HRCHA1
PC6.Locked=true
PC6.Mode=Output_TA1TA2
PC6.PinAttribute=CortexM7
PC6.Signal=HRTIM_CHA1
PC7.GPIOParameters=GPIO_Label,PinAttribute
PC7.GPIO_Label=HRCHA2
PC7.Locked=true
PC7.Mode=Output_TA1TA2
PC7.PinAttribute=CortexM7
PC7.Signal=HRTIM_CHA2
PC8.GPIOParameters=GPIO_Label,PinAttribute
PC8.GPIO_Label=HRCHB1
PC8.Locked=true
PC8.Mode=Output_TB1TB2
PC8.PinAttribute=CortexM7
PC8.Signal=HRTIM_CHB1
PD3.GPIOParameters=GPIO_Label,PinAttribute
PD3.GPIO_Label=LED_CLK
PD3.Locked=true
PD3.Mode=Full_Duplex_Master
PD3.PinAttribute=CortexM4
PD3.Signal=SPI2_SCK
PD4.GPIOParameters=GPIO_Label,PinAttribute
PD4.GPIO_Label=ENCODER_RS485_DE
PD4.Locked=true
PD4.Mode=Hardware Flow Control (RS485)
PD4.PinAttribute=CortexM7
PD4.Signal=USART2_DE
PD5.GPIOParameters=GPIO_Label,PinAttribute
PD5.GPIO_Label=ENCODER_RS485_TX
PD5.Locked=true
PD5.Mode=Asynchronous
PD5.PinAttribute=CortexM7
PD5.Signal=USART2_TX
PD6.GPIOParameters=GPIO_Label,PinAttribute
PD6.GPIO_Label=ENCODER_RS485_RX
PD6.Locked=true
PD6.Mode=Asynchronous
PD6.PinAttribute=CortexM7
PD6.Signal=USART2_RX
PD7.GPIOParameters=GPIO_Speed,GPIO_Label,PinAttribute
PD7.GPIO_Label=ENCODER_SPI_MOSI
PD7.GPIO_Speed=GPIO_SPEED_FREQ_VERY_HIGH
PD7.Locked=true
PD7.Mode=Full_Duplex_Master
PD7.PinAttribute=CortexM7
PD7.Signal=SPI1_MOSI
PD8.ContextOwner=CortexM4
PD8.GPIOParameters=GPIO_PuPd,GPIO_Label,PinAttribute
PD8.GPIO_Label=FPGASW_RUN_STATE
PD8.GPIO_PuPd=GPIO_PULLDOWN
PD8.Locked=true
PD8.PinAttribute=CortexM4
PD8.Signal=GPIO_Input
PE0.ContextOwner=CortexM7
PE0.GPIOParameters=GPIO_Speed,GPIO_Label,PinAttribute
PE0.GPIO_Label=ENCODER_RS485_EN
PE0.GPIO_Speed=GPIO_SPEED_FREQ_VERY_HIGH
PE0.Locked=true
PE0.PinAttribute=CortexM7
PE0.Signal=GPIO_Output
PE2.GPIOParameters=GPIO_Label,PinAttribute
PE2.GPIO_Label=OUT_ENCODER_CLK
PE2.Locked=true
PE2.Mode=Full_Duplex_Master
PE2.PinAttribute=CortexM7
PE2.Signal=SPI4_SCK
PE4.ContextOwner=CortexM7
PE4.GPIOParameters=GPIO_Label,PinAttribute
PE4.GPIO_Label=OUT_ENCODER_CS
PE4.Locked=true
PE4.PinAttribute=CortexM7
PE4.Signal=GPIO_Output
PE5.GPIOParameters=GPIO_Label,PinAttribute
PE5.GPIO_Label=OUT_ENCODER_MISO
PE5.Locked=true
PE5.Mode=Full_Duplex_Master
PE5.PinAttribute=CortexM7
PE5.Signal=SPI4_MISO
PE6.GPIOParameters=GPIO_Label,PinAttribute
PE6.GPIO_Label=OUT_ENCODER_MOSI
PE6.Locked=true
PE6.Mode=Full_Duplex_Master
PE6.PinAttribute=CortexM7
PE6.Signal=SPI4_MOSI
PE7.ContextOwner=CortexM4
PE7.GPIOParameters=PinState,GPIO_PuPd,GPIO_Label,GPIO_ModeDefaultOutputPP,PinAttribute
PE7.GPIO_Label=FPGASW_TMS
PE7.GPIO_ModeDefaultOutputPP=GPIO_MODE_OUTPUT_OD
PE7.GPIO_PuPd=GPIO_NOPULL
PE7.Locked=true
PE7.PinAttribute=CortexM4
PE7.PinState=GPIO_PIN_SET
PE7.Signal=GPIO_Output
PF12.GPIOParameters=GPIO_Label,PinAttribute
PF12.GPIO_Label=VBUS
PF12.Locked=true
PF12.Mode=IN6-Single-Ended
PF12.PinAttribute=CortexM7
PF12.Signal=ADC1_INP6
PF14.GPIOParameters=GPIO_Label,PinAttribute
PF14.GPIO_Label=MOTOR_NTC1
PF14.Locked=true
PF14.Mode=IN6-Single-Ended
PF14.PinAttribute=CortexM7
PF14.Signal=ADC2_INP6
PF6.ContextOwner=CortexM7
PF6.GPIOParameters=GPIO_Label,PinAttribute
PF6.GPIO_Label=GATE_DRIVER_CS
PF6.Locked=true
PF6.PinAttribute=CortexM7
PF6.Signal=GPIO_Output
PF7.GPIOParameters=GPIO_Speed,GPIO_Label,PinAttribute
PF7.GPIO_Label=GATE_DRIVER_CLK
PF7.GPIO_Speed=GPIO_SPEED_FREQ_HIGH
PF7.Locked=true
PF7.Mode=Full_Duplex_Master
PF7.PinAttribute=CortexM7
PF7.Signal=SPI5_SCK
PF8.GPIOParameters=GPIO_Speed,GPIO_Label,PinAttribute
PF8.GPIO_Label=GATE_DRIVER_MISO
PF8.GPIO_Speed=GPIO_SPEED_FREQ_HIGH
PF8.Locked=true
PF8.Mode=Full_Duplex_Master
PF8.PinAttribute=CortexM7
PF8.Signal=SPI5_MISO
PF9.GPIOParameters=GPIO_Speed,GPIO_Label,PinAttribute
PF9.GPIO_Label=GATE_DRIVER_MOSI
PF9.GPIO_Speed=GPIO_SPEED_FREQ_HIGH
PF9.Locked=true
PF9.Mode=Full_Duplex_Master
PF9.PinAttribute=CortexM7
PF9.Signal=SPI5_MOSI
PG0.ContextOwner=CortexM4
PG0.GPIOParameters=PinState,GPIO_PuPd,GPIO_Label,GPIO_ModeDefaultOutputPP,PinAttribute
PG0.GPIO_Label=FPGASW_TCK
PG0.GPIO_ModeDefaultOutputPP=GPIO_MODE_OUTPUT_OD
PG0.GPIO_PuPd=GPIO_NOPULL
PG0.Locked=true
PG0.PinAttribute=CortexM4
PG0.PinState=GPIO_PIN_SET
PG0.Signal=GPIO_Output
PG10.ContextOwner=CortexM7
PG10.GPIOParameters=GPIO_Speed,GPIO_Label,PinAttribute
PG10.GPIO_Label=ENCODER_SPI_CS
PG10.GPIO_Speed=GPIO_SPEED_FREQ_VERY_HIGH
PG10.Locked=true
PG10.PinAttribute=CortexM7
PG10.Signal=GPIO_Output
PG11.GPIOParameters=GPIO_Speed,PinAttribute
PG11.GPIO_Speed=GPIO_SPEED_FREQ_HIGH
PG11.Locked=true
PG11.Mode=RMII
PG11.PinAttribute=CortexM4
PG11.Signal=ETH_TX_EN
PG13.GPIOParameters=GPIO_Speed,PinAttribute
PG13.GPIO_Speed=GPIO_SPEED_FREQ_HIGH
PG13.Locked=true
PG13.Mode=RMII
PG13.PinAttribute=CortexM4
PG13.Signal=ETH_TXD0
PG14.GPIOParameters=GPIO_Speed,PinAttribute
PG14.GPIO_Speed=GPIO_SPEED_FREQ_HIGH
PG14.Locked=true
PG14.Mode=RMII
PG14.PinAttribute=CortexM4
PG14.Signal=ETH_TXD1
PG9.GPIOParameters=GPIO_Speed,GPIO_Label,PinAttribute
PG9.GPIO_Label=ENCODER_SPI_MISO
PG9.GPIO_Speed=GPIO_SPEED_FREQ_VERY_HIGH
PG9.Locked=true
PG9.Mode=Full_Duplex_Master
PG9.PinAttribute=CortexM7
PG9.Signal=SPI1_MISO
PH0-OSC_IN\ (PH0).GPIOParameters=PinAttribute
PH0-OSC_IN\ (PH0).Locked=true
PH0-OSC_IN\ (PH0).Mode=HSE-External-Oscillator
PH0-OSC_IN\ (PH0).PinAttribute=Free
PH0-OSC_IN\ (PH0).Signal=RCC_OSC_IN
PH1-OSC_OUT\ (PH1).GPIOParameters=PinAttribute
PH1-OSC_OUT\ (PH1).Locked=true
PH1-OSC_OUT\ (PH1).Mode=HSE-External-Oscillator
PH1-OSC_OUT\ (PH1).PinAttribute=Free
PH1-OSC_OUT\ (PH1).Signal=RCC_OSC_OUT
PH4.ContextOwner=CortexM4
PH4.GPIOParameters=GPIO_Label,PinAttribute
PH4.GPIO_Label=FPGASW_DONE
PH4.Locked=true
PH4.PinAttribute=CortexM4
PH4.Signal=GPIO_Input
PH6.ContextOwner=CortexM4
PH6.GPIOParameters=GPIO_Speed,PinState,GPIO_Label,PinAttribute
PH6.GPIO_Label=FPGASW_RST_PHYB_OTHERSW
PH6.GPIO_Speed=GPIO_SPEED_FREQ_LOW
PH6.Locked=true
PH6.PinAttribute=CortexM4
PH6.PinState=GPIO_PIN_SET
PH6.Signal=GPIO_Output
PinOutPanel.CurrentBGAView=Top
PinOutPanel.RotationAngle=0
ProjectManager.AskForMigrate=true
ProjectManager.BackupPrevious=false
ProjectManager.BootMode=boot0
ProjectManager.CompilerLinker=GCC
ProjectManager.CompilerOptimize=6
ProjectManager.ComputerToolchain=false
ProjectManager.CoupleFile=true
ProjectManager.CustomerFirmwarePackage=
ProjectManager.DefaultFWLocation=true
ProjectManager.DeletePrevious=true
ProjectManager.DeviceId=STM32H745IIKx
ProjectManager.FirmwarePackage=STM32Cube FW_H7 V1.12.1
ProjectManager.FreePins=false
ProjectManager.HalAssertFull=false
ProjectManager.HeapSize=M4-0x200,M7-0x200
ProjectManager.KeepUserCode=true
ProjectManager.LastFirmware=true
ProjectManager.LibraryCopy=0
ProjectManager.MainLocation=Core/Src
ProjectManager.NoMain=false
ProjectManager.PreviousToolchain=
ProjectManager.ProjectBuild=false
ProjectManager.ProjectFileName=ava_actuator.ioc
ProjectManager.ProjectName=ava_actuator
ProjectManager.ProjectStructure=M7\:CortexM7 Project\:true;M4\:CortexM4 Project\:true;
ProjectManager.RegisterCallBack=
ProjectManager.StackSize=M4-0x2000,M7-0x400
ProjectManager.TargetToolchain=MDK-ARM V5.32
ProjectManager.ToolChainLocation=
ProjectManager.UAScriptAfterPath=
ProjectManager.UAScriptBeforePath=
ProjectManager.UnderRoot=false
ProjectManager.functionlistsort=1-MX_GPIO_Init-GPIO-false-LL-true-CortexM7,2-MX_DMA_Init-DMA-false-HAL-true-CortexM7,3-MX_HRTIM_Init-HRTIM-false-HAL-true-CortexM7,4-MX_ADC1_Init-ADC1-false-HAL-true-CortexM7,5-MX_ADC2_Init-ADC2-false-HAL-true-CortexM7,6-MX_ADC3_Init-ADC3-false-HAL-true-CortexM7,7-SystemClock_Config-RCC-false-HAL-false-CortexM7,8-MX_SPI1_Init-SPI1-false-HAL-true-CortexM7,9-MX_TIM7_Init-TIM7-false-HAL-true-CortexM7,10-MX_SPI4_Init-SPI4-false-HAL-true-CortexM7,11-MX_SPI5_Init-SPI5-false-HAL-true-CortexM7,12-MX_USART2_UART_Init-USART2-false-HAL-true-CortexM7,13-MX_TIM6_Init-TIM6-false-HAL-true-CortexM7,14-MX_LPTIM1_Init-LPTIM1-false-HAL-true-CortexM7,1-MX_GPIO_Init-GPIO-true-LL-false-CortexM4,2-MX_DMA_Init-DMA-false-HAL-true-CortexM4,3-MX_ETH_Init-ETH-false-HAL-true-CortexM4,4-MX_SPI2_Init-SPI2-false-HAL-true-CortexM4,5-MX_SPI3_Init-SPI3-false-HAL-true-CortexM4,6-MX_TIM2_Init-TIM2-false-HAL-true-CortexM4,7-MX_CRC_Init-CRC-false-HAL-true-CortexM4,8-MX_USART1_UART_Init-USART1-false-HAL-true-CortexM4,8-MX_LPTIM4_Init-LPTIM4-false-HAL-true-CortexM4,9-MX_LPTIM5_Init-LPTIM5-false-HAL-true-CortexM4,0-MX_CORTEX_M7_Init-CORTEX_M7-false-HAL-true-CortexM7,0-MX_CORTEX_M4_Init-CORTEX_M4-false-HAL-true-CortexM4
RCC.ADCFreq_Value=100000000
RCC.AHB12Freq_Value=200000000
RCC.AHB4Freq_Value=200000000
RCC.APB1Freq_Value=100000000
RCC.APB2Freq_Value=100000000
RCC.APB3Freq_Value=100000000
RCC.APB4Freq_Value=100000000
RCC.AXIClockFreq_Value=200000000
RCC.CECFreq_Value=32000
RCC.CKPERFreq_Value=64000000
RCC.CPU2Freq_Value=200000000
RCC.CPU2SystikFreq_Value=200000000
RCC.CortexFreq_Value=400000000
RCC.CpuClockFreq_Value=400000000
RCC.D1CPREFreq_Value=400000000
RCC.D1PPRE=RCC_APB3_DIV2
RCC.D2PPRE1=RCC_APB1_DIV2
RCC.D2PPRE2=RCC_APB2_DIV2
RCC.D3PPRE=RCC_APB4_DIV2
RCC.DFSDMACLkFreq_Value=200000000
RCC.DFSDMFreq_Value=100000000
RCC.DIVM1=2
RCC.DIVM2=2
RCC.DIVM3=2
RCC.DIVN1=64
RCC.DIVN2=16
RCC.DIVN3=12
RCC.DIVP1Freq_Value=400000000
RCC.DIVP2Freq_Value=100000000
RCC.DIVP3Freq_Value=75000000
RCC.DIVQ1=4
RCC.DIVQ1Freq_Value=200000000
RCC.DIVQ2Freq_Value=100000000
RCC.DIVQ3Freq_Value=75000000
RCC.DIVR1Freq_Value=400000000
RCC.DIVR2Freq_Value=100000000
RCC.DIVR3Freq_Value=75000000
RCC.FDCANFreq_Value=200000000
RCC.FMCFreq_Value=200000000
RCC.FamilyName=M
RCC.HCLK3ClockFreq_Value=200000000
RCC.HCLKFreq_Value=200000000
RCC.HPRE=RCC_HCLK_DIV2
RCC.HRTIMFreq_Value=200000000
RCC.I2C123Freq_Value=100000000
RCC.I2C4Freq_Value=100000000
RCC.IPParameters=ADCFreq_Value,AHB12Freq_Value,AHB4Freq_Value,APB1Freq_Value,APB2Freq_Value,APB3Freq_Value,APB4Freq_Value,AXIClockFreq_Value,CECFreq_Value,CKPERFreq_Value,CPU2Freq_Value,CPU2SystikFreq_Value,CortexFreq_Value,CpuClockFreq_Value,D1CPREFreq_Value,D1PPRE,D2PPRE1,D2PPRE2,D3PPRE,DFSDMACLkFreq_Value,DFSDMFreq_Value,DIVM1,DIVM2,DIVM3,DIVN1,DIVN2,DIVN3,DIVP1Freq_Value,DIVP2Freq_Value,DIVP3Freq_Value,DIVQ1,DIVQ1Freq_Value,DIVQ2Freq_Value,DIVQ3Freq_Value,DIVR1Freq_Value,DIVR2Freq_Value,DIVR3Freq_Value,FDCANFreq_Value,FMCFreq_Value,FamilyName,HCLK3ClockFreq_Value,HCLKFreq_Value,HPRE,HRTIMFreq_Value,I2C123Freq_Value,I2C4Freq_Value,LPTIM1CLockSelection,LPTIM1Freq_Value,LPTIM2Freq_Value,LPTIM345Freq_Value,LPUART1Freq_Value,LTDCFreq_Value,MCO1PinFreq_Value,MCO2PinFreq_Value,PLL2FRACN,PLL3FRACN,PLL3_VCO_SEL-AdvancedSettings,PLLFRACN,PLLSourceVirtual,PWR_Regulator_Voltage_Scale,QSPIFreq_Value,RNGFreq_Value,RTCFreq_Value,SAI1Freq_Value,SAI23Freq_Value,SAI4AFreq_Value,SAI4BFreq_Value,SDMMCFreq_Value,SPDIFRXFreq_Value,SPI123Freq_Value,SPI45Freq_Value,SPI6Freq_Value,SWPMI1Freq_Value,SYSCLKFreq_VALUE,SYSCLKSource,SupplySource,Tim1OutputFreq_Value,Tim2Mul,Tim2OutputFreq_Value,TraceFreq_Value,USART16CLockSelection,USART16Freq_Value,USART234578Freq_Value,USBFreq_Value,VCO1OutputFreq_Value,VCO2OutputFreq_Value,VCO3OutputFreq_Value,VCOInput1Freq_Value,VCOInput2Freq_Value,VCOInput3Freq_Value
RCC.LPTIM1CLockSelection=RCC_LPTIM1CLKSOURCE_CLKP
RCC.LPTIM1Freq_Value=64000000
RCC.LPTIM2Freq_Value=100000000
RCC.LPTIM345Freq_Value=100000000
RCC.LPUART1Freq_Value=100000000
RCC.LTDCFreq_Value=75000000
RCC.MCO1PinFreq_Value=64000000
RCC.MCO2PinFreq_Value=400000000
RCC.PLL2FRACN=0
RCC.PLL3FRACN=0
RCC.PLL3_VCO_SEL-AdvancedSettings=RCC_PLL3VCOMEDIUM
RCC.PLLFRACN=0
RCC.PLLSourceVirtual=RCC_PLLSOURCE_HSE
RCC.PWR_Regulator_Voltage_Scale=PWR_REGULATOR_VOLTAGE_SCALE1
RCC.QSPIFreq_Value=200000000
RCC.RNGFreq_Value=48000000
RCC.RTCFreq_Value=32000
RCC.SAI1Freq_Value=200000000
RCC.SAI23Freq_Value=200000000
RCC.SAI4AFreq_Value=200000000
RCC.SAI4BFreq_Value=200000000
RCC.SDMMCFreq_Value=200000000
RCC.SPDIFRXFreq_Value=200000000
RCC.SPI123Freq_Value=200000000
RCC.SPI45Freq_Value=100000000
RCC.SPI6Freq_Value=100000000
RCC.SWPMI1Freq_Value=100000000
RCC.SYSCLKFreq_VALUE=400000000
RCC.SYSCLKSource=RCC_SYSCLKSOURCE_PLLCLK
RCC.SupplySource=PWR_DIRECT_SMPS_SUPPLY
RCC.Tim1OutputFreq_Value=200000000
RCC.Tim2Mul=2
RCC.Tim2OutputFreq_Value=200000000
RCC.TraceFreq_Value=400000000
RCC.USART16CLockSelection=RCC_USART16CLKSOURCE_PLL2
RCC.USART16Freq_Value=100000000
RCC.USART234578Freq_Value=100000000
RCC.USBFreq_Value=200000000
RCC.VCO1OutputFreq_Value=800000000
RCC.VCO2OutputFreq_Value=200000000
RCC.VCO3OutputFreq_Value=150000000
RCC.VCOInput1Freq_Value=12500000
RCC.VCOInput2Freq_Value=12500000
RCC.VCOInput3Freq_Value=12500000
SH.ADCx_INP1.0=ADC1_INP1,IN1-Single-Ended
SH.ADCx_INP1.ConfNb=1
SH.ADCx_INP3.0=ADC2_INP3,IN3-Single-Ended
SH.ADCx_INP3.ConfNb=1
SH.ADCx_INP9.0=ADC2_INP9,IN9-Single-Ended
SH.ADCx_INP9.ConfNb=1
SH.SharedAnalog_PA0.0=ADC2_INN1
SH.SharedAnalog_PA0.1=ADC2_INP0,IN0-Single-Ended
SH.SharedAnalog_PA0.ConfNb=2
SPI1.BaudRatePrescaler=SPI_BAUDRATEPRESCALER_8
SPI1.CLKPhase=SPI_PHASE_2EDGE
SPI1.CalculateBaudRate=25.0 MBits/s
SPI1.DataSize=SPI_DATASIZE_16BIT
SPI1.Direction=SPI_DIRECTION_2LINES
SPI1.IPParameters=VirtualType,Mode,Direction,BaudRatePrescaler,CalculateBaudRate,DataSize,CLKPhase,MasterKeepIOState
SPI1.MasterKeepIOState=SPI_MASTER_KEEP_IO_STATE_ENABLE
SPI1.Mode=SPI_MODE_MASTER
SPI1.VirtualType=VM_MASTER
SPI2.BaudRatePrescaler=SPI_BAUDRATEPRESCALER_64
SPI2.CalculateBaudRate=3.125 MBits/s
SPI2.DataSize=SPI_DATASIZE_8BIT
SPI2.Direction=SPI_DIRECTION_2LINES
SPI2.IPParameters=VirtualType,Mode,Direction,CalculateBaudRate,DataSize,BaudRatePrescaler,NSSPMode
SPI2.Mode=SPI_MODE_MASTER
SPI2.NSSPMode=SPI_NSS_PULSE_DISABLE
SPI2.VirtualType=VM_MASTER
SPI3.BaudRatePrescaler=SPI_BAUDRATEPRESCALER_8
SPI3.CalculateBaudRate=25.0 MBits/s
SPI3.DataSize=SPI_DATASIZE_8BIT
SPI3.Direction=SPI_DIRECTION_2LINES
SPI3.IPParameters=VirtualType,Mode,Direction,CalculateBaudRate,DataSize,VirtualNSS,BaudRatePrescaler,NSSPMode,MasterKeepIOState
SPI3.MasterKeepIOState=SPI_MASTER_KEEP_IO_STATE_ENABLE
SPI3.Mode=SPI_MODE_MASTER
SPI3.NSSPMode=SPI_NSS_PULSE_DISABLE
SPI3.VirtualNSS=VM_NSSHARD
SPI3.VirtualType=VM_MASTER
SPI4.BaudRatePrescaler=SPI_BAUDRATEPRESCALER_4
SPI4.CLKPhase=SPI_PHASE_2EDGE
SPI4.CalculateBaudRate=25.0 MBits/s
SPI4.DataSize=SPI_DATASIZE_16BIT
SPI4.Direction=SPI_DIRECTION_2LINES
SPI4.IPParameters=VirtualType,Mode,Direction,CalculateBaudRate,DataSize,BaudRatePrescaler,CLKPhase
SPI4.Mode=SPI_MODE_MASTER
SPI4.VirtualType=VM_MASTER
SPI5.BaudRatePrescaler=SPI_BAUDRATEPRESCALER_16
SPI5.CLKPhase=SPI_PHASE_2EDGE
SPI5.CalculateBaudRate=6.25 MBits/s
SPI5.DataSize=SPI_DATASIZE_16BIT
SPI5.Direction=SPI_DIRECTION_2LINES
SPI5.IPParameters=VirtualType,Mode,Direction,CalculateBaudRate,DataSize,BaudRatePrescaler,CLKPhase,NSSPMode
SPI5.Mode=SPI_MODE_MASTER
SPI5.NSSPMode=SPI_NSS_PULSE_DISABLE
SPI5.VirtualType=VM_MASTER
STMicroelectronics.X-CUBE-AZRTOS-H7.3.3.0_IsAnAzureRtosMw=true
STMicroelectronics.X-CUBE-AZRTOS-H7.3.3.0_M4.AZRTOS_APP_MEM_ALLOCATION_METHOD=1
STMicroelectronics.X-CUBE-AZRTOS-H7.3.3.0_M4.FX_DISABLE_CACHE=1
STMicroelectronics.X-CUBE-AZRTOS-H7.3.3.0_M4.FX_DISABLE_DIRECT_DATA_READ_CACHE_FILL=1
STMicroelectronics.X-CUBE-AZRTOS-H7.3.3.0_M4.FX_ENABLE_FAULT_TOLERANT=1
STMicroelectronics.X-CUBE-AZRTOS-H7.3.3.0_M4.FX_FAULT_TOLERANT=1
STMicroelectronics.X-CUBE-AZRTOS-H7.3.3.0_M4.FX_FAULT_TOLERANT_DATA=1
STMicroelectronics.X-CUBE-AZRTOS-H7.3.3.0_M4.FX_MEDIA_DISABLE_SEARCH_CACHE=1
STMicroelectronics.X-CUBE-AZRTOS-H7.3.3.0_M4.FileOoSystemJjFileX_Checked=true
STMicroelectronics.X-CUBE-AZRTOS-H7.3.3.0_M4.FileOoSystemJjLevelX_Checked=true
STMicroelectronics.X-CUBE-AZRTOS-H7.3.3.0_M4.FileXCcFileOoSystemJjFileXJjCore=true
STMicroelectronics.X-CUBE-AZRTOS-H7.3.3.0_M4.GENERATE_FILEX_INIT_CODE=false
STMicroelectronics.X-CUBE-AZRTOS-H7.3.3.0_M4.IPParameters=GENERATE_FILEX_INIT_CODE,AZRTOS_APP_MEM_ALLOCATION_METHOD,LX_DIRECT_READ,TX_MINIMUM_STACK,TX_ENABLE_STACK_CHECKING,TX_DISABLE_PREEMPTION_THRESHOLD,TX_DISABLE_NOTIFY_CALLBACKS,TX_INLINE_THREAD_RESUME_SUSPEND,TX_TIMER_TICKS_PER_SECOND,TX_BASEPRI_SUPPORT,TX_TIMER_PROCESS_IN_ISR,TX_REACTIVATE_INLINE,TX_TIMER_THREAD_STACK_SIZE,TX_BLOCK_POOL_ENABLE_PERFORMANCE_INFO,TX_BYTE_POOL_ENABLE_PERFORMANCE_INFO,TX_EVENT_FLAGS_ENABLE_PERFORMANCE_INFO,TX_MUTEX_ENABLE_PERFORMANCE_INFO,TX_QUEUE_ENABLE_PERFORMANCE_INFO,TX_SEMAPHORE_ENABLE_PERFORMANCE_INFO,TX_THREAD_ENABLE_PERFORMANCE_INFO,TX_TIMER_ENABLE_PERFORMANCE_INFO,NX_ENABLE_DUAL_PACKET_POOL,NX_IP_PERIODIC_RATE,NX_DISABLE_IPV6,NX_DISABLE_FRAGMENTATION,NX_ENABLE_LOW_WATERMARK,NX_ARP_MAX_QUEUE_DEPTH,FX_DISABLE_DIRECT_DATA_READ_CACHE_FILL,FX_ENABLE_FAULT_TOLERANT,FX_FAULT_TOLERANT,FX_FAULT_TOLERANT_DATA,FX_DISABLE_CACHE,FX_MEDIA_DISABLE_SEARCH_CACHE,LX_NOR_ENABLE_MAPPING_BITMAP,LX_NOR_ENABLE_OBSOLETE_COUNT_CACHE,LX_NOR_SECTOR_SIZE,ThreadXCcRTOSJjThreadXJjCore,ThreadXCcRTOSJjThreadXJjPerformanceInfo,ThreadXCcRTOSJjThreadXJjTraceXOosupport,ThreadXCcRTOSJjThreadXJjLowOoPowerOosupport,FileXCcFileOoSystemJjFileXJjCore,LevelXCcFileOoSystemJjLevelXJjNOROoFlashOoSupport,NetXDuoCcNetworkJjNetXDuoJjNXOoCore,NetXDuoCcNetworkJjNetXDuoJjAddonsOoDHCPOoClient,NetXDuoCcNetworkJjNetXDuoJjAddonsOoDNS,NetXDuoCcNetworkJjNetXDuoJjAddonsOoWebOoClient,NetXDuoCcNetworkJjNetXDuoJjAddonsOoWebOoServer,NetXDuoCcNetworkJjNetXDuoJjAddonsOoFTPOoClient
STMicroelectronics.X-CUBE-AZRTOS-H7.3.3.0_M4.LX_DIRECT_READ=0
STMicroelectronics.X-CUBE-AZRTOS-H7.3.3.0_M4.LX_NOR_ENABLE_MAPPING_BITMAP=1
STMicroelectronics.X-CUBE-AZRTOS-H7.3.3.0_M4.LX_NOR_ENABLE_OBSOLETE_COUNT_CACHE=1
STMicroelectronics.X-CUBE-AZRTOS-H7.3.3.0_M4.LX_NOR_SECTOR_SIZE=(512 / 4)
STMicroelectronics.X-CUBE-AZRTOS-H7.3.3.0_M4.LevelXCcFileOoSystemJjLevelXJjNOROoFlashOoSupport=true
STMicroelectronics.X-CUBE-AZRTOS-H7.3.3.0_M4.NX_ARP_MAX_QUEUE_DEPTH=16
STMicroelectronics.X-CUBE-AZRTOS-H7.3.3.0_M4.NX_DISABLE_FRAGMENTATION=true
STMicroelectronics.X-CUBE-AZRTOS-H7.3.3.0_M4.NX_DISABLE_IPV6=true
STMicroelectronics.X-CUBE-AZRTOS-H7.3.3.0_M4.NX_ENABLE_DUAL_PACKET_POOL=true
STMicroelectronics.X-CUBE-AZRTOS-H7.3.3.0_M4.NX_ENABLE_LOW_WATERMARK=true
STMicroelectronics.X-CUBE-AZRTOS-H7.3.3.0_M4.NX_IP_PERIODIC_RATE=1000
STMicroelectronics.X-CUBE-AZRTOS-H7.3.3.0_M4.NetXDuoCcNetworkJjNetXDuoJjAddonsOoDHCPOoClient=true
STMicroelectronics.X-CUBE-AZRTOS-H7.3.3.0_M4.NetXDuoCcNetworkJjNetXDuoJjAddonsOoDNS=true
STMicroelectronics.X-CUBE-AZRTOS-H7.3.3.0_M4.NetXDuoCcNetworkJjNetXDuoJjAddonsOoFTPOoClient=true
STMicroelectronics.X-CUBE-AZRTOS-H7.3.3.0_M4.NetXDuoCcNetworkJjNetXDuoJjAddonsOoWebOoClient=true
STMicroelectronics.X-CUBE-AZRTOS-H7.3.3.0_M4.NetXDuoCcNetworkJjNetXDuoJjAddonsOoWebOoServer=true
STMicroelectronics.X-CUBE-AZRTOS-H7.3.3.0_M4.NetXDuoCcNetworkJjNetXDuoJjNXOoCore=true
STMicroelectronics.X-CUBE-AZRTOS-H7.3.3.0_M4.NetworkJjNetXDuo_Checked=true
STMicroelectronics.X-CUBE-AZRTOS-H7.3.3.0_M4.RTOSJjThreadX_Checked=true
STMicroelectronics.X-CUBE-AZRTOS-H7.3.3.0_M4.TX_BASEPRI_SUPPORT=0
STMicroelectronics.X-CUBE-AZRTOS-H7.3.3.0_M4.TX_BLOCK_POOL_ENABLE_PERFORMANCE_INFO=1
STMicroelectronics.X-CUBE-AZRTOS-H7.3.3.0_M4.TX_BYTE_POOL_ENABLE_PERFORMANCE_INFO=1
STMicroelectronics.X-CUBE-AZRTOS-H7.3.3.0_M4.TX_DISABLE_NOTIFY_CALLBACKS=0
STMicroelectronics.X-CUBE-AZRTOS-H7.3.3.0_M4.TX_DISABLE_PREEMPTION_THRESHOLD=0
STMicroelectronics.X-CUBE-AZRTOS-H7.3.3.0_M4.TX_ENABLE_STACK_CHECKING=1
STMicroelectronics.X-CUBE-AZRTOS-H7.3.3.0_M4.TX_EVENT_FLAGS_ENABLE_PERFORMANCE_INFO=1
STMicroelectronics.X-CUBE-AZRTOS-H7.3.3.0_M4.TX_INLINE_THREAD_RESUME_SUSPEND=0
STMicroelectronics.X-CUBE-AZRTOS-H7.3.3.0_M4.TX_MINIMUM_STACK=1024
STMicroelectronics.X-CUBE-AZRTOS-H7.3.3.0_M4.TX_MUTEX_ENABLE_PERFORMANCE_INFO=1
STMicroelectronics.X-CUBE-AZRTOS-H7.3.3.0_M4.TX_QUEUE_ENABLE_PERFORMANCE_INFO=1
STMicroelectronics.X-CUBE-AZRTOS-H7.3.3.0_M4.TX_REACTIVATE_INLINE=1
STMicroelectronics.X-CUBE-AZRTOS-H7.3.3.0_M4.TX_SEMAPHORE_ENABLE_PERFORMANCE_INFO=1
STMicroelectronics.X-CUBE-AZRTOS-H7.3.3.0_M4.TX_THREAD_ENABLE_PERFORMANCE_INFO=1
STMicroelectronics.X-CUBE-AZRTOS-H7.3.3.0_M4.TX_TIMER_ENABLE_PERFORMANCE_INFO=1
STMicroelectronics.X-CUBE-AZRTOS-H7.3.3.0_M4.TX_TIMER_PROCESS_IN_ISR=0
STMicroelectronics.X-CUBE-AZRTOS-H7.3.3.0_M4.TX_TIMER_THREAD_STACK_SIZE=2048
STMicroelectronics.X-CUBE-AZRTOS-H7.3.3.0_M4.TX_TIMER_TICKS_PER_SECOND=1000
STMicroelectronics.X-CUBE-AZRTOS-H7.3.3.0_M4.ThreadXCcRTOSJjThreadXJjCore=true
STMicroelectronics.X-CUBE-AZRTOS-H7.3.3.0_M4.ThreadXCcRTOSJjThreadXJjLowOoPowerOosupport=true
STMicroelectronics.X-CUBE-AZRTOS-H7.3.3.0_M4.ThreadXCcRTOSJjThreadXJjPerformanceInfo=true
STMicroelectronics.X-CUBE-AZRTOS-H7.3.3.0_M4.ThreadXCcRTOSJjThreadXJjTraceXOosupport=true
STMicroelectronics.X-CUBE-AZRTOS-H7.3.3.0_M4_SwParameter=LevelXCcFileOoSystemJjLevelXJjNOROoFlashOoSupport\:true;NetXDuoCcNetworkJjNetXDuoJjAddonsOoDHCPOoClient\:true;ThreadXCcRTOSJjThreadXJjLowOoPowerOosupport\:true;NetXDuoCcNetworkJjNetXDuoJjNXOoCore\:true;NetXDuoCcNetworkJjNetXDuoJjAddonsOoDNS\:true;ThreadXCcRTOSJjThreadXJjPerformanceInfo\:true;ThreadXCcRTOSJjThreadXJjTraceXOosupport\:true;NetXDuoCcNetworkJjNetXDuoJjAddonsOoWebOoServer\:true;FileXCcFileOoSystemJjFileXJjCore\:true;ThreadXCcRTOSJjThreadXJjCore\:true;NetXDuoCcNetworkJjNetXDuoJjAddonsOoFTPOoClient\:true;NetXDuoCcNetworkJjNetXDuoJjAddonsOoWebOoClient\:true;
SYS.userName=SYS_M7
TIM6.AutoReloadPreload=TIM_AUTORELOAD_PRELOAD_ENABLE
TIM6.IPParameters=Prescaler,Period,AutoReloadPreload
TIM6.Period=50
TIM6.Prescaler=199
TIM7.AutoReloadPreload=TIM_AUTORELOAD_PRELOAD_ENABLE
TIM7.IPParameters=Prescaler,AutoReloadPreload
TIM7.Prescaler=20 - 1
USART1.IPParameters=VirtualMode-Asynchronous
USART1.VirtualMode-Asynchronous=VM_ASYNC
USART2.BaudRate=7750000
USART2.IPParameters=VirtualMode-Asynchronous,VirtualMode-Hardware Flow Control (RS485),OverSampling,BaudRate
USART2.OverSampling=UART_OVERSAMPLING_8
USART2.VirtualMode-Asynchronous=VM_ASYNC
USART2.VirtualMode-Hardware\ Flow\ Control\ (RS485)=VM_ASYNC
VP_CRC_VS_CRC.Mode=CRC_Activate
VP_CRC_VS_CRC.Signal=CRC_VS_CRC
VP_HRTIM_VS_hrtimMasterTimerNoOutput.Mode=MasterTimer
VP_HRTIM_VS_hrtimMasterTimerNoOutput.Signal=HRTIM_VS_hrtimMasterTimerNoOutput
VP_LPTIM1_VS_LPTIM_counterModeInternalClock.Mode=Counts__internal_clock_event_00
VP_LPTIM1_VS_LPTIM_counterModeInternalClock.Signal=LPTIM1_VS_LPTIM_counterModeInternalClock
VP_LPTIM4_VS_LPTIM_counterModeInternalClock.Mode=Counts__internal_clock_event_00
VP_LPTIM4_VS_LPTIM_counterModeInternalClock.Signal=LPTIM4_VS_LPTIM_counterModeInternalClock
VP_LPTIM5_VS_LPTIM_counterModeInternalClock.Mode=Counts__internal_clock_event_00
VP_LPTIM5_VS_LPTIM_counterModeInternalClock.Signal=LPTIM5_VS_LPTIM_counterModeInternalClock
VP_STMicroelectronics.X-CUBE-AZRTOS-H7_M4_VS_FileOoSystemJjFileX_6.4.0_3.3.0.Mode=FileOoSystemJjFileX
VP_STMicroelectronics.X-CUBE-AZRTOS-H7_M4_VS_FileOoSystemJjFileX_6.4.0_3.3.0.Signal=STMicroelectronics.X-CUBE-AZRTOS-H7_M4_VS_FileOoSystemJjFileX_6.4.0_3.3.0
VP_STMicroelectronics.X-CUBE-AZRTOS-H7_M4_VS_FileOoSystemJjLevelX_6.4.0_3.3.0.Mode=FileOoSystemJjLevelX
VP_STMicroelectronics.X-CUBE-AZRTOS-H7_M4_VS_FileOoSystemJjLevelX_6.4.0_3.3.0.Signal=STMicroelectronics.X-CUBE-AZRTOS-H7_M4_VS_FileOoSystemJjLevelX_6.4.0_3.3.0
VP_STMicroelectronics.X-CUBE-AZRTOS-H7_M4_VS_NetworkJjNetXDuo_6.4.0_3.3.0.Mode=NetworkJjNetXDuo
VP_STMicroelectronics.X-CUBE-AZRTOS-H7_M4_VS_NetworkJjNetXDuo_6.4.0_3.3.0.Signal=STMicroelectronics.X-CUBE-AZRTOS-H7_M4_VS_NetworkJjNetXDuo_6.4.0_3.3.0
VP_STMicroelectronics.X-CUBE-AZRTOS-H7_M4_VS_RTOSJjThreadX_6.4.0_3.3.0.Mode=RTOSJjThreadX
VP_STMicroelectronics.X-CUBE-AZRTOS-H7_M4_VS_RTOSJjThreadX_6.4.0_3.3.0.Signal=STMicroelectronics.X-CUBE-AZRTOS-H7_M4_VS_RTOSJjThreadX_6.4.0_3.3.0
VP_SYS_M4_VS_Systick.Mode=SysTick
VP_SYS_M4_VS_Systick.Signal=SYS_M4_VS_Systick
VP_SYS_VS_Systick.Mode=SysTick
VP_SYS_VS_Systick.Signal=SYS_VS_Systick
VP_TIM2_VS_ClockSourceINT.Mode=Internal
VP_TIM2_VS_ClockSourceINT.Signal=TIM2_VS_ClockSourceINT
VP_TIM6_VS_ClockSourceINT.Mode=Enable_Timer
VP_TIM6_VS_ClockSourceINT.Signal=TIM6_VS_ClockSourceINT
VP_TIM7_VS_ClockSourceINT.Mode=Enable_Timer
VP_TIM7_VS_ClockSourceINT.Signal=TIM7_VS_ClockSourceINT
board=custom
